
Microsoft Visual Studio Solution File, Format Version 12.00
# Visual Studio 15
VisualStudioVersion = 15.0.27703.2042
MinimumVisualStudioVersion = 10.0.40219.1
Project("{FAE04EC0-301F-11D3-BF4B-00C04F79EFBC}") = "PizzeriaApp", "PizzeriaApp\PizzeriaApp.csproj", "{1EA7E07A-088B-4759-A091-D2CABF8D490F}"
EndProject
Project("{FAE04EC0-301F-11D3-BF4B-00C04F79EFBC}") = "Domain", "BusinessDomain\Domain.csproj", "{5B976CA6-2180-4362-A6D4-85E1021F817F}"
EndProject
Project("{FAE04EC0-301F-11D3-BF4B-00C04F79EFBC}") = "DatabaseRepository", "DatabaseRepository\DatabaseRepository.csproj", "{232A9EF9-2691-48AD-A42B-51A5BCED048B}"
EndProject
Project("{FAE04EC0-301F-11D3-BF4B-00C04F79EFBC}") = "PizzeriaConsole", "PizzeriaConsole\PizzeriaConsole.csproj", "{0510ACF1-9A02-4622-938E-63FACFCE119E}"
	ProjectSection(ProjectDependencies) = postProject
		{232A9EF9-2691-48AD-A42B-51A5BCED048B} = {232A9EF9-2691-48AD-A42B-51A5BCED048B}
	EndProjectSection
EndProject
Global
	GlobalSection(SolutionConfigurationPlatforms) = preSolution
		Debug|Any CPU = Debug|Any CPU
		Release|Any CPU = Release|Any CPU
	EndGlobalSection
	GlobalSection(ProjectConfigurationPlatforms) = postSolution
		{1EA7E07A-088B-4759-A091-D2CABF8D490F}.Debug|Any CPU.ActiveCfg = Debug|Any CPU
		{1EA7E07A-088B-4759-A091-D2CABF8D490F}.Debug|Any CPU.Build.0 = Debug|Any CPU
		{1EA7E07A-088B-4759-A091-D2CABF8D490F}.Release|Any CPU.ActiveCfg = Release|Any CPU
		{1EA7E07A-088B-4759-A091-D2CABF8D490F}.Release|Any CPU.Build.0 = Release|Any CPU
		{5B976CA6-2180-4362-A6D4-85E1021F817F}.Debug|Any CPU.ActiveCfg = Debug|Any CPU
		{5B976CA6-2180-4362-A6D4-85E1021F817F}.Debug|Any CPU.Build.0 = Debug|Any CPU
		{5B976CA6-2180-4362-A6D4-85E1021F817F}.Release|Any CPU.ActiveCfg = Release|Any CPU
		{5B976CA6-2180-4362-A6D4-85E1021F817F}.Release|Any CPU.Build.0 = Release|Any CPU
		{232A9EF9-2691-48AD-A42B-51A5BCED048B}.Debug|Any CPU.ActiveCfg = Debug|Any CPU
		{232A9EF9-2691-48AD-A42B-51A5BCED048B}.Debug|Any CPU.Build.0 = Debug|Any CPU
		{232A9EF9-2691-48AD-A42B-51A5BCED048B}.Release|Any CPU.ActiveCfg = Release|Any CPU
		{232A9EF9-2691-48AD-A42B-51A5BCED048B}.Release|Any CPU.Build.0 = Release|Any CPU
		{0510ACF1-9A02-4622-938E-63FACFCE119E}.Debug|Any CPU.ActiveCfg = Debug|Any CPU
		{0510ACF1-9A02-4622-938E-63FACFCE119E}.Debug|Any CPU.Build.0 = Debug|Any CPU
		{0510ACF1-9A02-4622-938E-63FACFCE119E}.Release|Any CPU.ActiveCfg = Release|Any CPU
		{0510ACF1-9A02-4622-938E-63FACFCE119E}.Release|Any CPU.Build.0 = Release|Any CPU
	EndGlobalSection
	GlobalSection(SolutionProperties) = preSolution
		HideSolutionNode = FALSE
	EndGlobalSection
	GlobalSection(ExtensibilityGlobals) = postSolution
		SolutionGuid = {488AF23D-F124-48C7-9A45-00C9C5512CC6}
	EndGlobalSection
EndGlobal
